// !$*UTF8*$!
{
	archiveVersion = 1;
	classes = {
	};
	objectVersion = 51;
	objects = {

/* Begin PBXBuildFile section */
		5E5C7F19494EA68D99570688 /* Pods_Shaker.framework in Frameworks */ = {isa = PBXBuildFile; fileRef = E32A3900CE35555678E16EB9 /* Pods_Shaker.framework */; };
		F1B8914B26CB310F00C3FB74 /* AppDelegate.swift in Sources */ = {isa = PBXBuildFile; fileRef = F1B8914A26CB310F00C3FB74 /* AppDelegate.swift */; };
		F1B8914D26CB310F00C3FB74 /* SceneDelegate.swift in Sources */ = {isa = PBXBuildFile; fileRef = F1B8914C26CB310F00C3FB74 /* SceneDelegate.swift */; };
		F1B8915426CB311000C3FB74 /* Assets.xcassets in Resources */ = {isa = PBXBuildFile; fileRef = F1B8915326CB311000C3FB74 /* Assets.xcassets */; };
		F1B8915726CB311000C3FB74 /* LaunchScreen.storyboard in Resources */ = {isa = PBXBuildFile; fileRef = F1B8915526CB311000C3FB74 /* LaunchScreen.storyboard */; };
		F1B8916226CB31FA00C3FB74 /* CompositionRoot.swift in Sources */ = {isa = PBXBuildFile; fileRef = F1B8916126CB31FA00C3FB74 /* CompositionRoot.swift */; };
		F1B8916526CB320C00C3FB74 /* Coordinator.swift in Sources */ = {isa = PBXBuildFile; fileRef = F1B8916426CB320C00C3FB74 /* Coordinator.swift */; };
		F1B8916826CB321A00C3FB74 /* BaseViewController.swift in Sources */ = {isa = PBXBuildFile; fileRef = F1B8916726CB321A00C3FB74 /* BaseViewController.swift */; };
		F1B8916A26CB329D00C3FB74 /* MainViewController.swift in Sources */ = {isa = PBXBuildFile; fileRef = F1B8916926CB329D00C3FB74 /* MainViewController.swift */; };
		F1B8916D26CB34E200C3FB74 /* MainViewModel.swift in Sources */ = {isa = PBXBuildFile; fileRef = F1B8916C26CB34E200C3FB74 /* MainViewModel.swift */; };
/* End PBXBuildFile section */

/* Begin PBXFileReference section */
		3B578DF8FFCB88D7C8CA1F6B /* Pods-Shaker.release.xcconfig */ = {isa = PBXFileReference; includeInIndex = 1; lastKnownFileType = text.xcconfig; name = "Pods-Shaker.release.xcconfig"; path = "Target Support Files/Pods-Shaker/Pods-Shaker.release.xcconfig"; sourceTree = "<group>"; };
		4ADE1B9173E23353DD8C3B4C /* Pods-Shaker.debug.xcconfig */ = {isa = PBXFileReference; includeInIndex = 1; lastKnownFileType = text.xcconfig; name = "Pods-Shaker.debug.xcconfig"; path = "Target Support Files/Pods-Shaker/Pods-Shaker.debug.xcconfig"; sourceTree = "<group>"; };
		E32A3900CE35555678E16EB9 /* Pods_Shaker.framework */ = {isa = PBXFileReference; explicitFileType = wrapper.framework; includeInIndex = 0; path = Pods_Shaker.framework; sourceTree = BUILT_PRODUCTS_DIR; };
		F1B8914726CB310F00C3FB74 /* Shaker.app */ = {isa = PBXFileReference; explicitFileType = wrapper.application; includeInIndex = 0; path = Shaker.app; sourceTree = BUILT_PRODUCTS_DIR; };
		F1B8914A26CB310F00C3FB74 /* AppDelegate.swift */ = {isa = PBXFileReference; lastKnownFileType = sourcecode.swift; path = AppDelegate.swift; sourceTree = "<group>"; };
		F1B8914C26CB310F00C3FB74 /* SceneDelegate.swift */ = {isa = PBXFileReference; lastKnownFileType = sourcecode.swift; path = SceneDelegate.swift; sourceTree = "<group>"; };
		F1B8915326CB311000C3FB74 /* Assets.xcassets */ = {isa = PBXFileReference; lastKnownFileType = folder.assetcatalog; path = Assets.xcassets; sourceTree = "<group>"; };
		F1B8915626CB311000C3FB74 /* Base */ = {isa = PBXFileReference; lastKnownFileType = file.storyboard; name = Base; path = Base.lproj/LaunchScreen.storyboard; sourceTree = "<group>"; };
		F1B8915826CB311000C3FB74 /* Info.plist */ = {isa = PBXFileReference; lastKnownFileType = text.plist.xml; path = Info.plist; sourceTree = "<group>"; };
		F1B8916126CB31FA00C3FB74 /* CompositionRoot.swift */ = {isa = PBXFileReference; lastKnownFileType = sourcecode.swift; path = CompositionRoot.swift; sourceTree = "<group>"; };
		F1B8916426CB320C00C3FB74 /* Coordinator.swift */ = {isa = PBXFileReference; lastKnownFileType = sourcecode.swift; path = Coordinator.swift; sourceTree = "<group>"; };
		F1B8916726CB321A00C3FB74 /* BaseViewController.swift */ = {isa = PBXFileReference; lastKnownFileType = sourcecode.swift; path = BaseViewController.swift; sourceTree = "<group>"; };
		F1B8916926CB329D00C3FB74 /* MainViewController.swift */ = {isa = PBXFileReference; lastKnownFileType = sourcecode.swift; path = MainViewController.swift; sourceTree = "<group>"; };
		F1B8916C26CB34E200C3FB74 /* MainViewModel.swift */ = {isa = PBXFileReference; lastKnownFileType = sourcecode.swift; path = MainViewModel.swift; sourceTree = "<group>"; };
/* End PBXFileReference section */

/* Begin PBXFrameworksBuildPhase section */
		F1B8914426CB310F00C3FB74 /* Frameworks */ = {
			isa = PBXFrameworksBuildPhase;
			buildActionMask = 2147483647;
			files = (
				5E5C7F19494EA68D99570688 /* Pods_Shaker.framework in Frameworks */,
			);
			runOnlyForDeploymentPostprocessing = 0;
		};
/* End PBXFrameworksBuildPhase section */

/* Begin PBXGroup section */
		0E67DBAD7C43A6F9B1706761 /* Frameworks */ = {
			isa = PBXGroup;
			children = (
				E32A3900CE35555678E16EB9 /* Pods_Shaker.framework */,
			);
			name = Frameworks;
			sourceTree = "<group>";
		};
		CB3508C6102A85FECC4257CA /* Pods */ = {
			isa = PBXGroup;
			children = (
				4ADE1B9173E23353DD8C3B4C /* Pods-Shaker.debug.xcconfig */,
				3B578DF8FFCB88D7C8CA1F6B /* Pods-Shaker.release.xcconfig */,
			);
			path = Pods;
			sourceTree = "<group>";
		};
		F1B8913E26CB310F00C3FB74 = {
			isa = PBXGroup;
			children = (
				F1B8914926CB310F00C3FB74 /* Shaker */,
				F1B8914826CB310F00C3FB74 /* Products */,
				CB3508C6102A85FECC4257CA /* Pods */,
				0E67DBAD7C43A6F9B1706761 /* Frameworks */,
			);
			sourceTree = "<group>";
		};
		F1B8914826CB310F00C3FB74 /* Products */ = {
			isa = PBXGroup;
			children = (
				F1B8914726CB310F00C3FB74 /* Shaker.app */,
			);
			name = Products;
			sourceTree = "<group>";
		};
		F1B8914926CB310F00C3FB74 /* Shaker */ = {
			isa = PBXGroup;
			children = (
				F1B8916B26CB34DC00C3FB74 /* ViewModel */,
				F1B8916626CB320E00C3FB74 /* ViewController */,
				F1B8916026CB31F100C3FB74 /* DI */,
				F1B8915F26CB31EA00C3FB74 /* Coordinator */,
				F1B8914A26CB310F00C3FB74 /* AppDelegate.swift */,
				F1B8914C26CB310F00C3FB74 /* SceneDelegate.swift */,
				F1B8915326CB311000C3FB74 /* Assets.xcassets */,
				F1B8915526CB311000C3FB74 /* LaunchScreen.storyboard */,
				F1B8915826CB311000C3FB74 /* Info.plist */,
			);
			path = Shaker;
			sourceTree = "<group>";
		};
		F1B8915F26CB31EA00C3FB74 /* Coordinator */ = {
			isa = PBXGroup;
			children = (
				F1B8916426CB320C00C3FB74 /* Coordinator.swift */,
			);
			path = Coordinator;
			sourceTree = "<group>";
		};
		F1B8916026CB31F100C3FB74 /* DI */ = {
			isa = PBXGroup;
			children = (
				F1B8916126CB31FA00C3FB74 /* CompositionRoot.swift */,
			);
			path = DI;
			sourceTree = "<group>";
		};
		F1B8916626CB320E00C3FB74 /* ViewController */ = {
			isa = PBXGroup;
			children = (
				F1B8916726CB321A00C3FB74 /* BaseViewController.swift */,
				F1B8916926CB329D00C3FB74 /* MainViewController.swift */,
			);
			path = ViewController;
			sourceTree = "<group>";
		};
		F1B8916B26CB34DC00C3FB74 /* ViewModel */ = {
			isa = PBXGroup;
			children = (
				F1B8916C26CB34E200C3FB74 /* MainViewModel.swift */,
			);
			path = ViewModel;
			sourceTree = "<group>";
		};
/* End PBXGroup section */

/* Begin PBXNativeTarget section */
		F1B8914626CB310F00C3FB74 /* Shaker */ = {
			isa = PBXNativeTarget;
			buildConfigurationList = F1B8915B26CB311000C3FB74 /* Build configuration list for PBXNativeTarget "Shaker" */;
			buildPhases = (
				A65651A5C19EF5733BF9CC6B /* [CP] Check Pods Manifest.lock */,
				F1B8914326CB310F00C3FB74 /* Sources */,
				F1B8914426CB310F00C3FB74 /* Frameworks */,
				F1B8914526CB310F00C3FB74 /* Resources */,
				266050A8313828C6A127F56F /* [CP] Embed Pods Frameworks */,
			);
			buildRules = (
			);
			dependencies = (
			);
			name = Shaker;
			productName = Shaker;
			productReference = F1B8914726CB310F00C3FB74 /* Shaker.app */;
			productType = "com.apple.product-type.application";
		};
/* End PBXNativeTarget section */

/* Begin PBXProject section */
		F1B8913F26CB310F00C3FB74 /* Project object */ = {
			isa = PBXProject;
			attributes = {
				LastSwiftUpdateCheck = 1250;
				LastUpgradeCheck = 1250;
				TargetAttributes = {
					F1B8914626CB310F00C3FB74 = {
						CreatedOnToolsVersion = 12.5.1;
					};
				};
			};
			buildConfigurationList = F1B8914226CB310F00C3FB74 /* Build configuration list for PBXProject "Shaker" */;
			compatibilityVersion = "Xcode 9.3";
			developmentRegion = en;
			hasScannedForEncodings = 0;
			knownRegions = (
				en,
				Base,
			);
			mainGroup = F1B8913E26CB310F00C3FB74;
			productRefGroup = F1B8914826CB310F00C3FB74 /* Products */;
			projectDirPath = "";
			projectRoot = "";
			targets = (
				F1B8914626CB310F00C3FB74 /* Shaker */,
			);
		};
/* End PBXProject section */

/* Begin PBXResourcesBuildPhase section */
		F1B8914526CB310F00C3FB74 /* Resources */ = {
			isa = PBXResourcesBuildPhase;
			buildActionMask = 2147483647;
			files = (
				F1B8915726CB311000C3FB74 /* LaunchScreen.storyboard in Resources */,
				F1B8915426CB311000C3FB74 /* Assets.xcassets in Resources */,
			);
			runOnlyForDeploymentPostprocessing = 0;
		};
/* End PBXResourcesBuildPhase section */

/* Begin PBXShellScriptBuildPhase section */
		266050A8313828C6A127F56F /* [CP] Embed Pods Frameworks */ = {
			isa = PBXShellScriptBuildPhase;
			buildActionMask = 2147483647;
			files = (
			);
			inputFileListPaths = (
				"${PODS_ROOT}/Target Support Files/Pods-Shaker/Pods-Shaker-frameworks-${CONFIGURATION}-input-files.xcfilelist",
			);
			name = "[CP] Embed Pods Frameworks";
			outputFileListPaths = (
				"${PODS_ROOT}/Target Support Files/Pods-Shaker/Pods-Shaker-frameworks-${CONFIGURATION}-output-files.xcfilelist",
			);
			runOnlyForDeploymentPostprocessing = 0;
			shellPath = /bin/sh;
			shellScript = "\"${PODS_ROOT}/Target Support Files/Pods-Shaker/Pods-Shaker-frameworks.sh\"\n";
			showEnvVarsInLog = 0;
		};
		A65651A5C19EF5733BF9CC6B /* [CP] Check Pods Manifest.lock */ = {
			isa = PBXShellScriptBuildPhase;
			buildActionMask = 2147483647;
			files = (
			);
			inputFileListPaths = (
			);
			inputPaths = (
				"${PODS_PODFILE_DIR_PATH}/Podfile.lock",
				"${PODS_ROOT}/Manifest.lock",
			);
			name = "[CP] Check Pods Manifest.lock";
			outputFileListPaths = (
			);
			outputPaths = (
				"$(DERIVED_FILE_DIR)/Pods-Shaker-checkManifestLockResult.txt",
			);
			runOnlyForDeploymentPostprocessing = 0;
			shellPath = /bin/sh;
			shellScript = "diff \"${PODS_PODFILE_DIR_PATH}/Podfile.lock\" \"${PODS_ROOT}/Manifest.lock\" > /dev/null\nif [ $? != 0 ] ; then\n    # print error to STDERR\n    echo \"error: The sandbox is not in sync with the Podfile.lock. Run 'pod install' or update your CocoaPods installation.\" >&2\n    exit 1\nfi\n# This output is used by Xcode 'outputs' to avoid re-running this script phase.\necho \"SUCCESS\" > \"${SCRIPT_OUTPUT_FILE_0}\"\n";
			showEnvVarsInLog = 0;
		};
/* End PBXShellScriptBuildPhase section */

/* Begin PBXSourcesBuildPhase section */
		F1B8914326CB310F00C3FB74 /* Sources */ = {
			isa = PBXSourcesBuildPhase;
			buildActionMask = 2147483647;
			files = (
				F1B8916D26CB34E200C3FB74 /* MainViewModel.swift in Sources */,
				F1B8916226CB31FA00C3FB74 /* CompositionRoot.swift in Sources */,
				F1B8916526CB320C00C3FB74 /* Coordinator.swift in Sources */,
				F1B8914B26CB310F00C3FB74 /* AppDelegate.swift in Sources */,
				F1B8916A26CB329D00C3FB74 /* MainViewController.swift in Sources */,
				F1B8914D26CB310F00C3FB74 /* SceneDelegate.swift in Sources */,
				F1B8916826CB321A00C3FB74 /* BaseViewController.swift in Sources */,
			);
			runOnlyForDeploymentPostprocessing = 0;
		};
/* End PBXSourcesBuildPhase section */

/* Begin PBXVariantGroup section */
		F1B8915526CB311000C3FB74 /* LaunchScreen.storyboard */ = {
			isa = PBXVariantGroup;
			children = (
				F1B8915626CB311000C3FB74 /* Base */,
			);
			name = LaunchScreen.storyboard;
			sourceTree = "<group>";
		};
/* End PBXVariantGroup section */

/* Begin XCBuildConfiguration section */
		F1B8915926CB311000C3FB74 /* Debug */ = {
			isa = XCBuildConfiguration;
			buildSettings = {
				ALWAYS_SEARCH_USER_PATHS = NO;
				CLANG_ANALYZER_NONNULL = YES;
				CLANG_ANALYZER_NUMBER_OBJECT_CONVERSION = YES_AGGRESSIVE;
				CLANG_CXX_LANGUAGE_STANDARD = "gnu++14";
				CLANG_CXX_LIBRARY = "libc++";
				CLANG_ENABLE_MODULES = YES;
				CLANG_ENABLE_OBJC_ARC = YES;
				CLANG_ENABLE_OBJC_WEAK = YES;
				CLANG_WARN_BLOCK_CAPTURE_AUTORELEASING = YES;
				CLANG_WARN_BOOL_CONVERSION = YES;
				CLANG_WARN_COMMA = YES;
				CLANG_WARN_CONSTANT_CONVERSION = YES;
				CLANG_WARN_DEPRECATED_OBJC_IMPLEMENTATIONS = YES;
				CLANG_WARN_DIRECT_OBJC_ISA_USAGE = YES_ERROR;
				CLANG_WARN_DOCUMENTATION_COMMENTS = YES;
				CLANG_WARN_EMPTY_BODY = YES;
				CLANG_WARN_ENUM_CONVERSION = YES;
				CLANG_WARN_INFINITE_RECURSION = YES;
				CLANG_WARN_INT_CONVERSION = YES;
				CLANG_WARN_NON_LITERAL_NULL_CONVERSION = YES;
				CLANG_WARN_OBJC_IMPLICIT_RETAIN_SELF = YES;
				CLANG_WARN_OBJC_LITERAL_CONVERSION = YES;
				CLANG_WARN_OBJC_ROOT_CLASS = YES_ERROR;
				CLANG_WARN_QUOTED_INCLUDE_IN_FRAMEWORK_HEADER = YES;
				CLANG_WARN_RANGE_LOOP_ANALYSIS = YES;
				CLANG_WARN_STRICT_PROTOTYPES = YES;
				CLANG_WARN_SUSPICIOUS_MOVE = YES;
				CLANG_WARN_UNGUARDED_AVAILABILITY = YES_AGGRESSIVE;
				CLANG_WARN_UNREACHABLE_CODE = YES;
				CLANG_WARN__DUPLICATE_METHOD_MATCH = YES;
				COPY_PHASE_STRIP = NO;
				DEBUG_INFORMATION_FORMAT = dwarf;
				ENABLE_STRICT_OBJC_MSGSEND = YES;
				ENABLE_TESTABILITY = YES;
				GCC_C_LANGUAGE_STANDARD = gnu11;
				GCC_DYNAMIC_NO_PIC = NO;
				GCC_NO_COMMON_BLOCKS = YES;
				GCC_OPTIMIZATION_LEVEL = 0;
				GCC_PREPROCESSOR_DEFINITIONS = (
					"DEBUG=1",
					"$(inherited)",
				);
				GCC_WARN_64_TO_32_BIT_CONVERSION = YES;
				GCC_WARN_ABOUT_RETURN_TYPE = YES_ERROR;
				GCC_WARN_UNDECLARED_SELECTOR = YES;
				GCC_WARN_UNINITIALIZED_AUTOS = YES_AGGRESSIVE;
				GCC_WARN_UNUSED_FUNCTION = YES;
				GCC_WARN_UNUSED_VARIABLE = YES;
				IPHONEOS_DEPLOYMENT_TARGET = 14.5;
				MTL_ENABLE_DEBUG_INFO = INCLUDE_SOURCE;
				MTL_FAST_MATH = YES;
				ONLY_ACTIVE_ARCH = YES;
				SDKROOT = iphoneos;
				SWIFT_ACTIVE_COMPILATION_CONDITIONS = DEBUG;
				SWIFT_OPTIMIZATION_LEVEL = "-Onone";
			};
			name = Debug;
		};
		F1B8915A26CB311000C3FB74 /* Release */ = {
			isa = XCBuildConfiguration;
			buildSettings = {
				ALWAYS_SEARCH_USER_PATHS = NO;
				CLANG_ANALYZER_NONNULL = YES;
				CLANG_ANALYZER_NUMBER_OBJECT_CONVERSION = YES_AGGRESSIVE;
				CLANG_CXX_LANGUAGE_STANDARD = "gnu++14";
				CLANG_CXX_LIBRARY = "libc++";
				CLANG_ENABLE_MODULES = YES;
				CLANG_ENABLE_OBJC_ARC = YES;
				CLANG_ENABLE_OBJC_WEAK = YES;
				CLANG_WARN_BLOCK_CAPTURE_AUTORELEASING = YES;
				CLANG_WARN_BOOL_CONVERSION = YES;
				CLANG_WARN_COMMA = YES;
				CLANG_WARN_CONSTANT_CONVERSION = YES;
				CLANG_WARN_DEPRECATED_OBJC_IMPLEMENTATIONS = YES;
				CLANG_WARN_DIRECT_OBJC_ISA_USAGE = YES_ERROR;
				CLANG_WARN_DOCUMENTATION_COMMENTS = YES;
				CLANG_WARN_EMPTY_BODY = YES;
				CLANG_WARN_ENUM_CONVERSION = YES;
				CLANG_WARN_INFINITE_RECURSION = YES;
				CLANG_WARN_INT_CONVERSION = YES;
				CLANG_WARN_NON_LITERAL_NULL_CONVERSION = YES;
				CLANG_WARN_OBJC_IMPLICIT_RETAIN_SELF = YES;
				CLANG_WARN_OBJC_LITERAL_CONVERSION = YES;
				CLANG_WARN_OBJC_ROOT_CLASS = YES_ERROR;
				CLANG_WARN_QUOTED_INCLUDE_IN_FRAMEWORK_HEADER = YES;
				CLANG_WARN_RANGE_LOOP_ANALYSIS = YES;
				CLANG_WARN_STRICT_PROTOTYPES = YES;
				CLANG_WARN_SUSPICIOUS_MOVE = YES;
				CLANG_WARN_UNGUARDED_AVAILABILITY = YES_AGGRESSIVE;
				CLANG_WARN_UNREACHABLE_CODE = YES;
				CLANG_WARN__DUPLICATE_METHOD_MATCH = YES;
				COPY_PHASE_STRIP = NO;
				DEBUG_INFORMATION_FORMAT = "dwarf-with-dsym";
				ENABLE_NS_ASSERTIONS = NO;
				ENABLE_STRICT_OBJC_MSGSEND = YES;
				GCC_C_LANGUAGE_STANDARD = gnu11;
				GCC_NO_COMMON_BLOCKS = YES;
				GCC_WARN_64_TO_32_BIT_CONVERSION = YES;
				GCC_WARN_ABOUT_RETURN_TYPE = YES_ERROR;
				GCC_WARN_UNDECLARED_SELECTOR = YES;
				GCC_WARN_UNINITIALIZED_AUTOS = YES_AGGRESSIVE;
				GCC_WARN_UNUSED_FUNCTION = YES;
				GCC_WARN_UNUSED_VARIABLE = YES;
				IPHONEOS_DEPLOYMENT_TARGET = 14.5;
				MTL_ENABLE_DEBUG_INFO = NO;
				MTL_FAST_MATH = YES;
				SDKROOT = iphoneos;
				SWIFT_COMPILATION_MODE = wholemodule;
				SWIFT_OPTIMIZATION_LEVEL = "-O";
				VALIDATE_PRODUCT = YES;
			};
			name = Release;
		};
		F1B8915C26CB311000C3FB74 /* Debug */ = {
			isa = XCBuildConfiguration;
			baseConfigurationReference = 4ADE1B9173E23353DD8C3B4C /* Pods-Shaker.debug.xcconfig */;
			buildSettings = {
				ASSETCATALOG_COMPILER_APPICON_NAME = AppIcon;
				ASSETCATALOG_COMPILER_GLOBAL_ACCENT_COLOR_NAME = AccentColor;
				CODE_SIGN_STYLE = Automatic;
				DEVELOPMENT_TEAM = 62ZLDXLZ77;
				INFOPLIST_FILE = Shaker/Info.plist;
				LD_RUNPATH_SEARCH_PATHS = (
					"$(inherited)",
					"@executable_path/Frameworks",
				);
				PRODUCT_BUNDLE_IDENTIFIER = hogumachu.Shaker;
				PRODUCT_NAME = "$(TARGET_NAME)";
				SWIFT_VERSION = 5.0;
				TARGETED_DEVICE_FAMILY = "1,2";
			};
			name = Debug;
		};
		F1B8915D26CB311000C3FB74 /* Release */ = {
			isa = XCBuildConfiguration;
			baseConfigurationReference = 3B578DF8FFCB88D7C8CA1F6B /* Pods-Shaker.release.xcconfig */;
			buildSettings = {
				ASSETCATALOG_COMPILER_APPICON_NAME = AppIcon;
				ASSETCATALOG_COMPILER_GLOBAL_ACCENT_COLOR_NAME = AccentColor;
				CODE_SIGN_STYLE = Automatic;
				DEVELOPMENT_TEAM = 62ZLDXLZ77;
				INFOPLIST_FILE = Shaker/Info.plist;
				LD_RUNPATH_SEARCH_PATHS = (
					"$(inherited)",
					"@executable_path/Frameworks",
				);
				PRODUCT_BUNDLE_IDENTIFIER = hogumachu.Shaker;
				PRODUCT_NAME = "$(TARGET_NAME)";
				SWIFT_VERSION = 5.0;
				TARGETED_DEVICE_FAMILY = "1,2";
			};
			name = Release;
		};
/* End XCBuildConfiguration section */

/* Begin XCConfigurationList section */
		F1B8914226CB310F00C3FB74 /* Build configuration list for PBXProject "Shaker" */ = {
			isa = XCConfigurationList;
			buildConfigurations = (
				F1B8915926CB311000C3FB74 /* Debug */,
				F1B8915A26CB311000C3FB74 /* Release */,
			);
			defaultConfigurationIsVisible = 0;
			defaultConfigurationName = Release;
		};
		F1B8915B26CB311000C3FB74 /* Build configuration list for PBXNativeTarget "Shaker" */ = {
			isa = XCConfigurationList;
			buildConfigurations = (
				F1B8915C26CB311000C3FB74 /* Debug */,
				F1B8915D26CB311000C3FB74 /* Release */,
			);
			defaultConfigurationIsVisible = 0;
			defaultConfigurationName = Release;
		};
/* End XCConfigurationList section */
	};
	rootObject = F1B8913F26CB310F00C3FB74 /* Project object */;
}
